
Microsoft Visual Studio Solution File, Format Version 12.00
# Visual Studio Version 17
VisualStudioVersion = 17.3.32929.385
MinimumVisualStudioVersion = 10.0.40219.1
Project("{9A19103F-16F7-4668-BE54-9A1E7A4F7556}") = "ReCaptcha.Desktop", "ReCaptcha.Desktop\ReCaptcha.Desktop.csproj", "{18DD6C60-6C49-4300-83DA-8525E3F74BCC}"
EndProject
Project("{9A19103F-16F7-4668-BE54-9A1E7A4F7556}") = "ReCaptcha.Desktop.WPF", "ReCaptcha.Desktop.WPF\ReCaptcha.Desktop.WPF.csproj", "{C336F8E6-D156-408A-BD91-C9A2EFD8802D}"
EndProject
Project("{9A19103F-16F7-4668-BE54-9A1E7A4F7556}") = "ReCaptcha.Desktop.Tests", "ReCaptcha.Desktop.Tests\ReCaptcha.Desktop.Tests.csproj", "{F31BDA25-A6BB-4F80-9F80-31804377055D}"
EndProject
Project("{2150E333-8FDC-42A3-9474-1A3956D46DE8}") = "Samples", "Samples", "{B17DAFC7-41EE-485D-84A9-BB8290924329}"
EndProject
Project("{9A19103F-16F7-4668-BE54-9A1E7A4F7556}") = "ReCaptcha.Desktop.Sample", "Samples\ReCaptcha.Desktop.Sample\ReCaptcha.Desktop.Sample.csproj", "{1584CE72-BBF1-4637-94B8-E4B0B51D59F7}"
EndProject
Project("{9A19103F-16F7-4668-BE54-9A1E7A4F7556}") = "ReCaptcha.Desktop.Sample.WPF", "Samples\ReCaptcha.Desktop.Sample.WPF\ReCaptcha.Desktop.Sample.WPF.csproj", "{907DF6F1-9AB6-43AA-9F24-B9237F322E2E}"
EndProject
Project("{9A19103F-16F7-4668-BE54-9A1E7A4F7556}") = "ReCaptcha.Desktop.Sample.WinUI", "Samples\ReCaptcha.Desktop.Sample.WinUI\ReCaptcha.Desktop.Sample.WinUI.csproj", "{5FB364BF-0C44-43A3-B096-CA867E009C12}"
EndProject
Project("{9A19103F-16F7-4668-BE54-9A1E7A4F7556}") = "ReCaptcha.Desktop.WinUI", "ReCaptcha.Desktop.WinUI\ReCaptcha.Desktop.WinUI.csproj", "{6A0E0FCB-88B4-458B-B969-A3EB1B974DAF}"
EndProject
Project("{FAE04EC0-301F-11D3-BF4B-00C04F79EFBC}") = "ReCaptcha.Desktop.Sample.UWP", "Samples\ReCaptcha.Desktop.Sample.UWP\ReCaptcha.Desktop.Sample.UWP.csproj", "{CA5D4D90-6871-4BE5-9208-23CF28E5B584}"
EndProject
Project("{FAE04EC0-301F-11D3-BF4B-00C04F79EFBC}") = "ReCaptcha.Desktop.UWP", "ReCaptcha.Desktop.UWP\ReCaptcha.Desktop.UWP.csproj", "{4C3AB4D6-A9F8-4BC5-A1B0-A5D9423E083A}"
EndProject
Project("{9A19103F-16F7-4668-BE54-9A1E7A4F7556}") = "ReCaptcha.Desktop.WinForms", "ReCaptcha.Desktop.WinForms\ReCaptcha.Desktop.WinForms.csproj", "{63B2757A-79A7-4A70-B659-A565F9D980BF}"
EndProject
Project("{9A19103F-16F7-4668-BE54-9A1E7A4F7556}") = "ReCaptcha.Desktop.Sample.WinForms", "Samples\ReCaptcha.Desktop.Sample.WinForms\ReCaptcha.Desktop.Sample.WinForms.csproj", "{5D0F4C5E-0FC7-4D2E-809D-12AA5AA862AC}"
EndProject
Project("{9A19103F-16F7-4668-BE54-9A1E7A4F7556}") = "SimpleExampleMVVM", "C:\Users\User69\Desktop\SimpleExampleMVVM\SimpleExampleMVVM\SimpleExampleMVVM.csproj", "{2C20B6C9-3EEE-4C23-B41D-BC6ADC1EA248}"
EndProject
Global
	GlobalSection(SolutionConfigurationPlatforms) = preSolution
		Debug|Any CPU = Debug|Any CPU
		Debug|ARM = Debug|ARM
		Debug|arm64 = Debug|arm64
		Debug|x64 = Debug|x64
		Debug|x86 = Debug|x86
		Release|Any CPU = Release|Any CPU
		Release|ARM = Release|ARM
		Release|arm64 = Release|arm64
		Release|x64 = Release|x64
		Release|x86 = Release|x86
	EndGlobalSection
	GlobalSection(ProjectConfigurationPlatforms) = postSolution
		{18DD6C60-6C49-4300-83DA-8525E3F74BCC}.Debug|Any CPU.ActiveCfg = Debug|Any CPU
		{18DD6C60-6C49-4300-83DA-8525E3F74BCC}.Debug|Any CPU.Build.0 = Debug|Any CPU
		{18DD6C60-6C49-4300-83DA-8525E3F74BCC}.Debug|ARM.ActiveCfg = Debug|Any CPU
		{18DD6C60-6C49-4300-83DA-8525E3F74BCC}.Debug|ARM.Build.0 = Debug|Any CPU
		{18DD6C60-6C49-4300-83DA-8525E3F74BCC}.Debug|arm64.ActiveCfg = Debug|Any CPU
		{18DD6C60-6C49-4300-83DA-8525E3F74BCC}.Debug|arm64.Build.0 = Debug|Any CPU
		{18DD6C60-6C49-4300-83DA-8525E3F74BCC}.Debug|x64.ActiveCfg = Debug|Any CPU
		{18DD6C60-6C49-4300-83DA-8525E3F74BCC}.Debug|x64.Build.0 = Debug|Any CPU
		{18DD6C60-6C49-4300-83DA-8525E3F74BCC}.Debug|x86.ActiveCfg = Debug|Any CPU
		{18DD6C60-6C49-4300-83DA-8525E3F74BCC}.Debug|x86.Build.0 = Debug|Any CPU
		{18DD6C60-6C49-4300-83DA-8525E3F74BCC}.Release|Any CPU.ActiveCfg = Release|Any CPU
		{18DD6C60-6C49-4300-83DA-8525E3F74BCC}.Release|Any CPU.Build.0 = Release|Any CPU
		{18DD6C60-6C49-4300-83DA-8525E3F74BCC}.Release|ARM.ActiveCfg = Release|Any CPU
		{18DD6C60-6C49-4300-83DA-8525E3F74BCC}.Release|ARM.Build.0 = Release|Any CPU
		{18DD6C60-6C49-4300-83DA-8525E3F74BCC}.Release|arm64.ActiveCfg = Release|Any CPU
		{18DD6C60-6C49-4300-83DA-8525E3F74BCC}.Release|arm64.Build.0 = Release|Any CPU
		{18DD6C60-6C49-4300-83DA-8525E3F74BCC}.Release|x64.ActiveCfg = Release|Any CPU
		{18DD6C60-6C49-4300-83DA-8525E3F74BCC}.Release|x64.Build.0 = Release|Any CPU
		{18DD6C60-6C49-4300-83DA-8525E3F74BCC}.Release|x86.ActiveCfg = Release|Any CPU
		{18DD6C60-6C49-4300-83DA-8525E3F74BCC}.Release|x86.Build.0 = Release|Any CPU
		{C336F8E6-D156-408A-BD91-C9A2EFD8802D}.Debug|Any CPU.ActiveCfg = Debug|Any CPU
		{C336F8E6-D156-408A-BD91-C9A2EFD8802D}.Debug|Any CPU.Build.0 = Debug|Any CPU
		{C336F8E6-D156-408A-BD91-C9A2EFD8802D}.Debug|ARM.ActiveCfg = Debug|Any CPU
		{C336F8E6-D156-408A-BD91-C9A2EFD8802D}.Debug|ARM.Build.0 = Debug|Any CPU
		{C336F8E6-D156-408A-BD91-C9A2EFD8802D}.Debug|arm64.ActiveCfg = Debug|Any CPU
		{C336F8E6-D156-408A-BD91-C9A2EFD8802D}.Debug|arm64.Build.0 = Debug|Any CPU
		{C336F8E6-D156-408A-BD91-C9A2EFD8802D}.Debug|x64.ActiveCfg = Debug|Any CPU
		{C336F8E6-D156-408A-BD91-C9A2EFD8802D}.Debug|x64.Build.0 = Debug|Any CPU
		{C336F8E6-D156-408A-BD91-C9A2EFD8802D}.Debug|x86.ActiveCfg = Debug|Any CPU
		{C336F8E6-D156-408A-BD91-C9A2EFD8802D}.Debug|x86.Build.0 = Debug|Any CPU
		{C336F8E6-D156-408A-BD91-C9A2EFD8802D}.Release|Any CPU.ActiveCfg = Release|Any CPU
		{C336F8E6-D156-408A-BD91-C9A2EFD8802D}.Release|Any CPU.Build.0 = Release|Any CPU
		{C336F8E6-D156-408A-BD91-C9A2EFD8802D}.Release|ARM.ActiveCfg = Release|Any CPU
		{C336F8E6-D156-408A-BD91-C9A2EFD8802D}.Release|ARM.Build.0 = Release|Any CPU
		{C336F8E6-D156-408A-BD91-C9A2EFD8802D}.Release|arm64.ActiveCfg = Release|Any CPU
		{C336F8E6-D156-408A-BD91-C9A2EFD8802D}.Release|arm64.Build.0 = Release|Any CPU
		{C336F8E6-D156-408A-BD91-C9A2EFD8802D}.Release|x64.ActiveCfg = Release|Any CPU
		{C336F8E6-D156-408A-BD91-C9A2EFD8802D}.Release|x64.Build.0 = Release|Any CPU
		{C336F8E6-D156-408A-BD91-C9A2EFD8802D}.Release|x86.ActiveCfg = Release|Any CPU
		{C336F8E6-D156-408A-BD91-C9A2EFD8802D}.Release|x86.Build.0 = Release|Any CPU
		{F31BDA25-A6BB-4F80-9F80-31804377055D}.Debug|Any CPU.ActiveCfg = Debug|Any CPU
		{F31BDA25-A6BB-4F80-9F80-31804377055D}.Debug|Any CPU.Build.0 = Debug|Any CPU
		{F31BDA25-A6BB-4F80-9F80-31804377055D}.Debug|ARM.ActiveCfg = Debug|Any CPU
		{F31BDA25-A6BB-4F80-9F80-31804377055D}.Debug|ARM.Build.0 = Debug|Any CPU
		{F31BDA25-A6BB-4F80-9F80-31804377055D}.Debug|arm64.ActiveCfg = Debug|Any CPU
		{F31BDA25-A6BB-4F80-9F80-31804377055D}.Debug|arm64.Build.0 = Debug|Any CPU
		{F31BDA25-A6BB-4F80-9F80-31804377055D}.Debug|x64.ActiveCfg = Debug|Any CPU
		{F31BDA25-A6BB-4F80-9F80-31804377055D}.Debug|x64.Build.0 = Debug|Any CPU
		{F31BDA25-A6BB-4F80-9F80-31804377055D}.Debug|x86.ActiveCfg = Debug|Any CPU
		{F31BDA25-A6BB-4F80-9F80-31804377055D}.Debug|x86.Build.0 = Debug|Any CPU
		{F31BDA25-A6BB-4F80-9F80-31804377055D}.Release|Any CPU.ActiveCfg = Release|Any CPU
		{F31BDA25-A6BB-4F80-9F80-31804377055D}.Release|Any CPU.Build.0 = Release|Any CPU
		{F31BDA25-A6BB-4F80-9F80-31804377055D}.Release|ARM.ActiveCfg = Release|Any CPU
		{F31BDA25-A6BB-4F80-9F80-31804377055D}.Release|ARM.Build.0 = Release|Any CPU
		{F31BDA25-A6BB-4F80-9F80-31804377055D}.Release|arm64.ActiveCfg = Release|Any CPU
		{F31BDA25-A6BB-4F80-9F80-31804377055D}.Release|arm64.Build.0 = Release|Any CPU
		{F31BDA25-A6BB-4F80-9F80-31804377055D}.Release|x64.ActiveCfg = Release|Any CPU
		{F31BDA25-A6BB-4F80-9F80-31804377055D}.Release|x64.Build.0 = Release|Any CPU
		{F31BDA25-A6BB-4F80-9F80-31804377055D}.Release|x86.ActiveCfg = Release|Any CPU
		{F31BDA25-A6BB-4F80-9F80-31804377055D}.Release|x86.Build.0 = Release|Any CPU
		{1584CE72-BBF1-4637-94B8-E4B0B51D59F7}.Debug|Any CPU.ActiveCfg = Debug|Any CPU
		{1584CE72-BBF1-4637-94B8-E4B0B51D59F7}.Debug|Any CPU.Build.0 = Debug|Any CPU
		{1584CE72-BBF1-4637-94B8-E4B0B51D59F7}.Debug|ARM.ActiveCfg = Debug|Any CPU
		{1584CE72-BBF1-4637-94B8-E4B0B51D59F7}.Debug|ARM.Build.0 = Debug|Any CPU
		{1584CE72-BBF1-4637-94B8-E4B0B51D59F7}.Debug|arm64.ActiveCfg = Debug|Any CPU
		{1584CE72-BBF1-4637-94B8-E4B0B51D59F7}.Debug|arm64.Build.0 = Debug|Any CPU
		{1584CE72-BBF1-4637-94B8-E4B0B51D59F7}.Debug|x64.ActiveCfg = Debug|Any CPU
		{1584CE72-BBF1-4637-94B8-E4B0B51D59F7}.Debug|x64.Build.0 = Debug|Any CPU
		{1584CE72-BBF1-4637-94B8-E4B0B51D59F7}.Debug|x86.ActiveCfg = Debug|Any CPU
		{1584CE72-BBF1-4637-94B8-E4B0B51D59F7}.Debug|x86.Build.0 = Debug|Any CPU
		{1584CE72-BBF1-4637-94B8-E4B0B51D59F7}.Release|Any CPU.ActiveCfg = Release|Any CPU
		{1584CE72-BBF1-4637-94B8-E4B0B51D59F7}.Release|Any CPU.Build.0 = Release|Any CPU
		{1584CE72-BBF1-4637-94B8-E4B0B51D59F7}.Release|ARM.ActiveCfg = Release|Any CPU
		{1584CE72-BBF1-4637-94B8-E4B0B51D59F7}.Release|ARM.Build.0 = Release|Any CPU
		{1584CE72-BBF1-4637-94B8-E4B0B51D59F7}.Release|arm64.ActiveCfg = Release|Any CPU
		{1584CE72-BBF1-4637-94B8-E4B0B51D59F7}.Release|arm64.Build.0 = Release|Any CPU
		{1584CE72-BBF1-4637-94B8-E4B0B51D59F7}.Release|x64.ActiveCfg = Release|Any CPU
		{1584CE72-BBF1-4637-94B8-E4B0B51D59F7}.Release|x64.Build.0 = Release|Any CPU
		{1584CE72-BBF1-4637-94B8-E4B0B51D59F7}.Release|x86.ActiveCfg = Release|Any CPU
		{1584CE72-BBF1-4637-94B8-E4B0B51D59F7}.Release|x86.Build.0 = Release|Any CPU
		{907DF6F1-9AB6-43AA-9F24-B9237F322E2E}.Debug|Any CPU.ActiveCfg = Debug|Any CPU
		{907DF6F1-9AB6-43AA-9F24-B9237F322E2E}.Debug|Any CPU.Build.0 = Debug|Any CPU
		{907DF6F1-9AB6-43AA-9F24-B9237F322E2E}.Debug|ARM.ActiveCfg = Debug|Any CPU
		{907DF6F1-9AB6-43AA-9F24-B9237F322E2E}.Debug|ARM.Build.0 = Debug|Any CPU
		{907DF6F1-9AB6-43AA-9F24-B9237F322E2E}.Debug|arm64.ActiveCfg = Debug|Any CPU
		{907DF6F1-9AB6-43AA-9F24-B9237F322E2E}.Debug|arm64.Build.0 = Debug|Any CPU
		{907DF6F1-9AB6-43AA-9F24-B9237F322E2E}.Debug|x64.ActiveCfg = Debug|Any CPU
		{907DF6F1-9AB6-43AA-9F24-B9237F322E2E}.Debug|x64.Build.0 = Debug|Any CPU
		{907DF6F1-9AB6-43AA-9F24-B9237F322E2E}.Debug|x86.ActiveCfg = Debug|Any CPU
		{907DF6F1-9AB6-43AA-9F24-B9237F322E2E}.Debug|x86.Build.0 = Debug|Any CPU
		{907DF6F1-9AB6-43AA-9F24-B9237F322E2E}.Release|Any CPU.ActiveCfg = Release|Any CPU
		{907DF6F1-9AB6-43AA-9F24-B9237F322E2E}.Release|Any CPU.Build.0 = Release|Any CPU
		{907DF6F1-9AB6-43AA-9F24-B9237F322E2E}.Release|ARM.ActiveCfg = Release|Any CPU
		{907DF6F1-9AB6-43AA-9F24-B9237F322E2E}.Release|ARM.Build.0 = Release|Any CPU
		{907DF6F1-9AB6-43AA-9F24-B9237F322E2E}.Release|arm64.ActiveCfg = Release|Any CPU
		{907DF6F1-9AB6-43AA-9F24-B9237F322E2E}.Release|arm64.Build.0 = Release|Any CPU
		{907DF6F1-9AB6-43AA-9F24-B9237F322E2E}.Release|x64.ActiveCfg = Release|Any CPU
		{907DF6F1-9AB6-43AA-9F24-B9237F322E2E}.Release|x64.Build.0 = Release|Any CPU
		{907DF6F1-9AB6-43AA-9F24-B9237F322E2E}.Release|x86.ActiveCfg = Release|Any CPU
		{907DF6F1-9AB6-43AA-9F24-B9237F322E2E}.Release|x86.Build.0 = Release|Any CPU
		{5FB364BF-0C44-43A3-B096-CA867E009C12}.Debug|Any CPU.ActiveCfg = Debug|x64
		{5FB364BF-0C44-43A3-B096-CA867E009C12}.Debug|Any CPU.Build.0 = Debug|x64
		{5FB364BF-0C44-43A3-B096-CA867E009C12}.Debug|Any CPU.Deploy.0 = Debug|x64
		{5FB364BF-0C44-43A3-B096-CA867E009C12}.Debug|ARM.ActiveCfg = Debug|x64
		{5FB364BF-0C44-43A3-B096-CA867E009C12}.Debug|ARM.Build.0 = Debug|x64
		{5FB364BF-0C44-43A3-B096-CA867E009C12}.Debug|arm64.ActiveCfg = Debug|arm64
		{5FB364BF-0C44-43A3-B096-CA867E009C12}.Debug|arm64.Build.0 = Debug|arm64
		{5FB364BF-0C44-43A3-B096-CA867E009C12}.Debug|arm64.Deploy.0 = Debug|arm64
		{5FB364BF-0C44-43A3-B096-CA867E009C12}.Debug|x64.ActiveCfg = Debug|x64
		{5FB364BF-0C44-43A3-B096-CA867E009C12}.Debug|x64.Build.0 = Debug|x64
		{5FB364BF-0C44-43A3-B096-CA867E009C12}.Debug|x64.Deploy.0 = Debug|x64
		{5FB364BF-0C44-43A3-B096-CA867E009C12}.Debug|x86.ActiveCfg = Debug|x86
		{5FB364BF-0C44-43A3-B096-CA867E009C12}.Debug|x86.Build.0 = Debug|x86
		{5FB364BF-0C44-43A3-B096-CA867E009C12}.Debug|x86.Deploy.0 = Debug|x86
		{5FB364BF-0C44-43A3-B096-CA867E009C12}.Release|Any CPU.ActiveCfg = Release|x64
		{5FB364BF-0C44-43A3-B096-CA867E009C12}.Release|Any CPU.Build.0 = Release|x64
		{5FB364BF-0C44-43A3-B096-CA867E009C12}.Release|Any CPU.Deploy.0 = Release|x64
		{5FB364BF-0C44-43A3-B096-CA867E009C12}.Release|ARM.ActiveCfg = Release|x64
		{5FB364BF-0C44-43A3-B096-CA867E009C12}.Release|ARM.Build.0 = Release|x64
		{5FB364BF-0C44-43A3-B096-CA867E009C12}.Release|arm64.ActiveCfg = Release|arm64
		{5FB364BF-0C44-43A3-B096-CA867E009C12}.Release|arm64.Build.0 = Release|arm64
		{5FB364BF-0C44-43A3-B096-CA867E009C12}.Release|arm64.Deploy.0 = Release|arm64
		{5FB364BF-0C44-43A3-B096-CA867E009C12}.Release|x64.ActiveCfg = Release|x64
		{5FB364BF-0C44-43A3-B096-CA867E009C12}.Release|x64.Build.0 = Release|x64
		{5FB364BF-0C44-43A3-B096-CA867E009C12}.Release|x64.Deploy.0 = Release|x64
		{5FB364BF-0C44-43A3-B096-CA867E009C12}.Release|x86.ActiveCfg = Release|x86
		{5FB364BF-0C44-43A3-B096-CA867E009C12}.Release|x86.Build.0 = Release|x86
		{5FB364BF-0C44-43A3-B096-CA867E009C12}.Release|x86.Deploy.0 = Release|x86
		{6A0E0FCB-88B4-458B-B969-A3EB1B974DAF}.Debug|Any CPU.ActiveCfg = Debug|Any CPU
		{6A0E0FCB-88B4-458B-B969-A3EB1B974DAF}.Debug|Any CPU.Build.0 = Debug|Any CPU
		{6A0E0FCB-88B4-458B-B969-A3EB1B974DAF}.Debug|ARM.ActiveCfg = Debug|Any CPU
		{6A0E0FCB-88B4-458B-B969-A3EB1B974DAF}.Debug|ARM.Build.0 = Debug|Any CPU
		{6A0E0FCB-88B4-458B-B969-A3EB1B974DAF}.Debug|arm64.ActiveCfg = Debug|Any CPU
		{6A0E0FCB-88B4-458B-B969-A3EB1B974DAF}.Debug|arm64.Build.0 = Debug|Any CPU
		{6A0E0FCB-88B4-458B-B969-A3EB1B974DAF}.Debug|x64.ActiveCfg = Debug|Any CPU
		{6A0E0FCB-88B4-458B-B969-A3EB1B974DAF}.Debug|x64.Build.0 = Debug|Any CPU
		{6A0E0FCB-88B4-458B-B969-A3EB1B974DAF}.Debug|x86.ActiveCfg = Debug|Any CPU
		{6A0E0FCB-88B4-458B-B969-A3EB1B974DAF}.Debug|x86.Build.0 = Debug|Any CPU
		{6A0E0FCB-88B4-458B-B969-A3EB1B974DAF}.Release|Any CPU.ActiveCfg = Release|Any CPU
		{6A0E0FCB-88B4-458B-B969-A3EB1B974DAF}.Release|Any CPU.Build.0 = Release|Any CPU
		{6A0E0FCB-88B4-458B-B969-A3EB1B974DAF}.Release|ARM.ActiveCfg = Release|Any CPU
		{6A0E0FCB-88B4-458B-B969-A3EB1B974DAF}.Release|ARM.Build.0 = Release|Any CPU
		{6A0E0FCB-88B4-458B-B969-A3EB1B974DAF}.Release|arm64.ActiveCfg = Release|Any CPU
		{6A0E0FCB-88B4-458B-B969-A3EB1B974DAF}.Release|arm64.Build.0 = Release|Any CPU
		{6A0E0FCB-88B4-458B-B969-A3EB1B974DAF}.Release|x64.ActiveCfg = Release|Any CPU
		{6A0E0FCB-88B4-458B-B969-A3EB1B974DAF}.Release|x64.Build.0 = Release|Any CPU
		{6A0E0FCB-88B4-458B-B969-A3EB1B974DAF}.Release|x86.ActiveCfg = Release|Any CPU
		{6A0E0FCB-88B4-458B-B969-A3EB1B974DAF}.Release|x86.Build.0 = Release|Any CPU
		{CA5D4D90-6871-4BE5-9208-23CF28E5B584}.Debug|Any CPU.ActiveCfg = Debug|x64
		{CA5D4D90-6871-4BE5-9208-23CF28E5B584}.Debug|Any CPU.Build.0 = Debug|x64
		{CA5D4D90-6871-4BE5-9208-23CF28E5B584}.Debug|Any CPU.Deploy.0 = Debug|x64
		{CA5D4D90-6871-4BE5-9208-23CF28E5B584}.Debug|ARM.ActiveCfg = Debug|ARM
		{CA5D4D90-6871-4BE5-9208-23CF28E5B584}.Debug|ARM.Build.0 = Debug|ARM
		{CA5D4D90-6871-4BE5-9208-23CF28E5B584}.Debug|ARM.Deploy.0 = Debug|ARM
		{CA5D4D90-6871-4BE5-9208-23CF28E5B584}.Debug|arm64.ActiveCfg = Debug|ARM64
		{CA5D4D90-6871-4BE5-9208-23CF28E5B584}.Debug|arm64.Build.0 = Debug|ARM64
		{CA5D4D90-6871-4BE5-9208-23CF28E5B584}.Debug|arm64.Deploy.0 = Debug|ARM64
		{CA5D4D90-6871-4BE5-9208-23CF28E5B584}.Debug|x64.ActiveCfg = Debug|x64
		{CA5D4D90-6871-4BE5-9208-23CF28E5B584}.Debug|x64.Build.0 = Debug|x64
		{CA5D4D90-6871-4BE5-9208-23CF28E5B584}.Debug|x64.Deploy.0 = Debug|x64
		{CA5D4D90-6871-4BE5-9208-23CF28E5B584}.Debug|x86.ActiveCfg = Debug|x86
		{CA5D4D90-6871-4BE5-9208-23CF28E5B584}.Debug|x86.Build.0 = Debug|x86
		{CA5D4D90-6871-4BE5-9208-23CF28E5B584}.Debug|x86.Deploy.0 = Debug|x86
		{CA5D4D90-6871-4BE5-9208-23CF28E5B584}.Release|Any CPU.ActiveCfg = Release|x64
		{CA5D4D90-6871-4BE5-9208-23CF28E5B584}.Release|Any CPU.Build.0 = Release|x64
		{CA5D4D90-6871-4BE5-9208-23CF28E5B584}.Release|Any CPU.Deploy.0 = Release|x64
		{CA5D4D90-6871-4BE5-9208-23CF28E5B584}.Release|ARM.ActiveCfg = Release|ARM
		{CA5D4D90-6871-4BE5-9208-23CF28E5B584}.Release|ARM.Build.0 = Release|ARM
		{CA5D4D90-6871-4BE5-9208-23CF28E5B584}.Release|ARM.Deploy.0 = Release|ARM
		{CA5D4D90-6871-4BE5-9208-23CF28E5B584}.Release|arm64.ActiveCfg = Release|ARM64
		{CA5D4D90-6871-4BE5-9208-23CF28E5B584}.Release|arm64.Build.0 = Release|ARM64
		{CA5D4D90-6871-4BE5-9208-23CF28E5B584}.Release|arm64.Deploy.0 = Release|ARM64
		{CA5D4D90-6871-4BE5-9208-23CF28E5B584}.Release|x64.ActiveCfg = Release|x64
		{CA5D4D90-6871-4BE5-9208-23CF28E5B584}.Release|x64.Build.0 = Release|x64
		{CA5D4D90-6871-4BE5-9208-23CF28E5B584}.Release|x64.Deploy.0 = Release|x64
		{CA5D4D90-6871-4BE5-9208-23CF28E5B584}.Release|x86.ActiveCfg = Release|x86
		{CA5D4D90-6871-4BE5-9208-23CF28E5B584}.Release|x86.Build.0 = Release|x86
		{CA5D4D90-6871-4BE5-9208-23CF28E5B584}.Release|x86.Deploy.0 = Release|x86
		{4C3AB4D6-A9F8-4BC5-A1B0-A5D9423E083A}.Debug|Any CPU.ActiveCfg = Debug|Any CPU
		{4C3AB4D6-A9F8-4BC5-A1B0-A5D9423E083A}.Debug|Any CPU.Build.0 = Debug|Any CPU
		{4C3AB4D6-A9F8-4BC5-A1B0-A5D9423E083A}.Debug|ARM.ActiveCfg = Debug|ARM
		{4C3AB4D6-A9F8-4BC5-A1B0-A5D9423E083A}.Debug|ARM.Build.0 = Debug|ARM
		{4C3AB4D6-A9F8-4BC5-A1B0-A5D9423E083A}.Debug|arm64.ActiveCfg = Debug|ARM64
		{4C3AB4D6-A9F8-4BC5-A1B0-A5D9423E083A}.Debug|arm64.Build.0 = Debug|ARM64
		{4C3AB4D6-A9F8-4BC5-A1B0-A5D9423E083A}.Debug|x64.ActiveCfg = Debug|x64
		{4C3AB4D6-A9F8-4BC5-A1B0-A5D9423E083A}.Debug|x64.Build.0 = Debug|x64
		{4C3AB4D6-A9F8-4BC5-A1B0-A5D9423E083A}.Debug|x86.ActiveCfg = Debug|x86
		{4C3AB4D6-A9F8-4BC5-A1B0-A5D9423E083A}.Debug|x86.Build.0 = Debug|x86
		{4C3AB4D6-A9F8-4BC5-A1B0-A5D9423E083A}.Release|Any CPU.ActiveCfg = Release|Any CPU
		{4C3AB4D6-A9F8-4BC5-A1B0-A5D9423E083A}.Release|Any CPU.Build.0 = Release|Any CPU
		{4C3AB4D6-A9F8-4BC5-A1B0-A5D9423E083A}.Release|ARM.ActiveCfg = Release|ARM
		{4C3AB4D6-A9F8-4BC5-A1B0-A5D9423E083A}.Release|ARM.Build.0 = Release|ARM
		{4C3AB4D6-A9F8-4BC5-A1B0-A5D9423E083A}.Release|arm64.ActiveCfg = Release|ARM64
		{4C3AB4D6-A9F8-4BC5-A1B0-A5D9423E083A}.Release|arm64.Build.0 = Release|ARM64
		{4C3AB4D6-A9F8-4BC5-A1B0-A5D9423E083A}.Release|x64.ActiveCfg = Release|x64
		{4C3AB4D6-A9F8-4BC5-A1B0-A5D9423E083A}.Release|x64.Build.0 = Release|x64
		{4C3AB4D6-A9F8-4BC5-A1B0-A5D9423E083A}.Release|x86.ActiveCfg = Release|x86
		{4C3AB4D6-A9F8-4BC5-A1B0-A5D9423E083A}.Release|x86.Build.0 = Release|x86
		{63B2757A-79A7-4A70-B659-A565F9D980BF}.Debug|Any CPU.ActiveCfg = Debug|Any CPU
		{63B2757A-79A7-4A70-B659-A565F9D980BF}.Debug|Any CPU.Build.0 = Debug|Any CPU
		{63B2757A-79A7-4A70-B659-A565F9D980BF}.Debug|ARM.ActiveCfg = Debug|Any CPU
		{63B2757A-79A7-4A70-B659-A565F9D980BF}.Debug|ARM.Build.0 = Debug|Any CPU
		{63B2757A-79A7-4A70-B659-A565F9D980BF}.Debug|arm64.ActiveCfg = Debug|Any CPU
		{63B2757A-79A7-4A70-B659-A565F9D980BF}.Debug|arm64.Build.0 = Debug|Any CPU
		{63B2757A-79A7-4A70-B659-A565F9D980BF}.Debug|x64.ActiveCfg = Debug|Any CPU
		{63B2757A-79A7-4A70-B659-A565F9D980BF}.Debug|x64.Build.0 = Debug|Any CPU
		{63B2757A-79A7-4A70-B659-A565F9D980BF}.Debug|x86.ActiveCfg = Debug|Any CPU
		{63B2757A-79A7-4A70-B659-A565F9D980BF}.Debug|x86.Build.0 = Debug|Any CPU
		{63B2757A-79A7-4A70-B659-A565F9D980BF}.Release|Any CPU.ActiveCfg = Release|Any CPU
		{63B2757A-79A7-4A70-B659-A565F9D980BF}.Release|Any CPU.Build.0 = Release|Any CPU
		{63B2757A-79A7-4A70-B659-A565F9D980BF}.Release|ARM.ActiveCfg = Release|Any CPU
		{63B2757A-79A7-4A70-B659-A565F9D980BF}.Release|ARM.Build.0 = Release|Any CPU
		{63B2757A-79A7-4A70-B659-A565F9D980BF}.Release|arm64.ActiveCfg = Release|Any CPU
		{63B2757A-79A7-4A70-B659-A565F9D980BF}.Release|arm64.Build.0 = Release|Any CPU
		{63B2757A-79A7-4A70-B659-A565F9D980BF}.Release|x64.ActiveCfg = Release|Any CPU
		{63B2757A-79A7-4A70-B659-A565F9D980BF}.Release|x64.Build.0 = Release|Any CPU
		{63B2757A-79A7-4A70-B659-A565F9D980BF}.Release|x86.ActiveCfg = Release|Any CPU
		{63B2757A-79A7-4A70-B659-A565F9D980BF}.Release|x86.Build.0 = Release|Any CPU
		{5D0F4C5E-0FC7-4D2E-809D-12AA5AA862AC}.Debug|Any CPU.ActiveCfg = Debug|Any CPU
		{5D0F4C5E-0FC7-4D2E-809D-12AA5AA862AC}.Debug|Any CPU.Build.0 = Debug|Any CPU
		{5D0F4C5E-0FC7-4D2E-809D-12AA5AA862AC}.Debug|ARM.ActiveCfg = Debug|Any CPU
		{5D0F4C5E-0FC7-4D2E-809D-12AA5AA862AC}.Debug|ARM.Build.0 = Debug|Any CPU
		{5D0F4C5E-0FC7-4D2E-809D-12AA5AA862AC}.Debug|arm64.ActiveCfg = Debug|Any CPU
		{5D0F4C5E-0FC7-4D2E-809D-12AA5AA862AC}.Debug|arm64.Build.0 = Debug|Any CPU
		{5D0F4C5E-0FC7-4D2E-809D-12AA5AA862AC}.Debug|x64.ActiveCfg = Debug|Any CPU
		{5D0F4C5E-0FC7-4D2E-809D-12AA5AA862AC}.Debug|x64.Build.0 = Debug|Any CPU
		{5D0F4C5E-0FC7-4D2E-809D-12AA5AA862AC}.Debug|x86.ActiveCfg = Debug|Any CPU
		{5D0F4C5E-0FC7-4D2E-809D-12AA5AA862AC}.Debug|x86.Build.0 = Debug|Any CPU
		{5D0F4C5E-0FC7-4D2E-809D-12AA5AA862AC}.Release|Any CPU.ActiveCfg = Release|Any CPU
		{5D0F4C5E-0FC7-4D2E-809D-12AA5AA862AC}.Release|Any CPU.Build.0 = Release|Any CPU
		{5D0F4C5E-0FC7-4D2E-809D-12AA5AA862AC}.Release|ARM.ActiveCfg = Release|Any CPU
		{5D0F4C5E-0FC7-4D2E-809D-12AA5AA862AC}.Release|ARM.Build.0 = Release|Any CPU
		{5D0F4C5E-0FC7-4D2E-809D-12AA5AA862AC}.Release|arm64.ActiveCfg = Release|Any CPU
		{5D0F4C5E-0FC7-4D2E-809D-12AA5AA862AC}.Release|arm64.Build.0 = Release|Any CPU
		{5D0F4C5E-0FC7-4D2E-809D-12AA5AA862AC}.Release|x64.ActiveCfg = Release|Any CPU
		{5D0F4C5E-0FC7-4D2E-809D-12AA5AA862AC}.Release|x64.Build.0 = Release|Any CPU
		{5D0F4C5E-0FC7-4D2E-809D-12AA5AA862AC}.Release|x86.ActiveCfg = Release|Any CPU
		{5D0F4C5E-0FC7-4D2E-809D-12AA5AA862AC}.Release|x86.Build.0 = Release|Any CPU
		{2C20B6C9-3EEE-4C23-B41D-BC6ADC1EA248}.Debug|Any CPU.ActiveCfg = Debug|Any CPU
		{2C20B6C9-3EEE-4C23-B41D-BC6ADC1EA248}.Debug|Any CPU.Build.0 = Debug|Any CPU
		{2C20B6C9-3EEE-4C23-B41D-BC6ADC1EA248}.Debug|ARM.ActiveCfg = Debug|Any CPU
		{2C20B6C9-3EEE-4C23-B41D-BC6ADC1EA248}.Debug|ARM.Build.0 = Debug|Any CPU
		{2C20B6C9-3EEE-4C23-B41D-BC6ADC1EA248}.Debug|arm64.ActiveCfg = Debug|Any CPU
		{2C20B6C9-3EEE-4C23-B41D-BC6ADC1EA248}.Debug|arm64.Build.0 = Debug|Any CPU
		{2C20B6C9-3EEE-4C23-B41D-BC6ADC1EA248}.Debug|x64.ActiveCfg = Debug|Any CPU
		{2C20B6C9-3EEE-4C23-B41D-BC6ADC1EA248}.Debug|x64.Build.0 = Debug|Any CPU
		{2C20B6C9-3EEE-4C23-B41D-BC6ADC1EA248}.Debug|x86.ActiveCfg = Debug|Any CPU
		{2C20B6C9-3EEE-4C23-B41D-BC6ADC1EA248}.Debug|x86.Build.0 = Debug|Any CPU
		{2C20B6C9-3EEE-4C23-B41D-BC6ADC1EA248}.Release|Any CPU.ActiveCfg = Release|Any CPU
		{2C20B6C9-3EEE-4C23-B41D-BC6ADC1EA248}.Release|Any CPU.Build.0 = Release|Any CPU
		{2C20B6C9-3EEE-4C23-B41D-BC6ADC1EA248}.Release|ARM.ActiveCfg = Release|Any CPU
		{2C20B6C9-3EEE-4C23-B41D-BC6ADC1EA248}.Release|ARM.Build.0 = Release|Any CPU
		{2C20B6C9-3EEE-4C23-B41D-BC6ADC1EA248}.Release|arm64.ActiveCfg = Release|Any CPU
		{2C20B6C9-3EEE-4C23-B41D-BC6ADC1EA248}.Release|arm64.Build.0 = Release|Any CPU
		{2C20B6C9-3EEE-4C23-B41D-BC6ADC1EA248}.Release|x64.ActiveCfg = Release|Any CPU
		{2C20B6C9-3EEE-4C23-B41D-BC6ADC1EA248}.Release|x64.Build.0 = Release|Any CPU
		{2C20B6C9-3EEE-4C23-B41D-BC6ADC1EA248}.Release|x86.ActiveCfg = Release|Any CPU
		{2C20B6C9-3EEE-4C23-B41D-BC6ADC1EA248}.Release|x86.Build.0 = Release|Any CPU
	EndGlobalSection
	GlobalSection(SolutionProperties) = preSolution
		HideSolutionNode = FALSE
	EndGlobalSection
	GlobalSection(NestedProjects) = preSolution
		{1584CE72-BBF1-4637-94B8-E4B0B51D59F7} = {B17DAFC7-41EE-485D-84A9-BB8290924329}
		{907DF6F1-9AB6-43AA-9F24-B9237F322E2E} = {B17DAFC7-41EE-485D-84A9-BB8290924329}
		{5FB364BF-0C44-43A3-B096-CA867E009C12} = {B17DAFC7-41EE-485D-84A9-BB8290924329}
		{CA5D4D90-6871-4BE5-9208-23CF28E5B584} = {B17DAFC7-41EE-485D-84A9-BB8290924329}
		{5D0F4C5E-0FC7-4D2E-809D-12AA5AA862AC} = {B17DAFC7-41EE-485D-84A9-BB8290924329}
		{2C20B6C9-3EEE-4C23-B41D-BC6ADC1EA248} = {B17DAFC7-41EE-485D-84A9-BB8290924329}
	EndGlobalSection
	GlobalSection(ExtensibilityGlobals) = postSolution
		SolutionGuid = {B7B85638-BBE1-429C-A65C-D23A7B1EDBE4}
	EndGlobalSection
EndGlobal
